
Microsoft Visual Studio Solution File, Format Version 12.00
# Visual Studio Version 17
VisualStudioVersion = 17.3.32929.385
MinimumVisualStudioVersion = 10.0.40219.1
Project("{9A19103F-16F7-4668-BE54-9A1E7A4F7556}") = "Login_System", "Login_System\Login_System.csproj", "{08B6639A-E638-4792-B51B-49F38D43B568}"
EndProject
Global
	GlobalSection(SolutionConfigurationPlatforms) = preSolution
		Debug|Any CPU = Debug|Any CPU
		Release|Any CPU = Release|Any CPU
	EndGlobalSection
	GlobalSection(ProjectConfigurationPlatforms) = postSolution
		{08B6639A-E638-4792-B51B-49F38D43B568}.Debug|Any CPU.ActiveCfg = Debug|Any CPU
		{08B6639A-E638-4792-B51B-49F38D43B568}.Debug|Any CPU.Build.0 = Debug|Any CPU
		{08B6639A-E638-4792-B51B-49F38D43B568}.Release|Any CPU.ActiveCfg = Release|Any CPU
		{08B6639A-E638-4792-B51B-49F38D43B568}.Release|Any CPU.Build.0 = Release|Any CPU
	EndGlobalSection
	GlobalSection(SolutionProperties) = preSolution
		HideSolutionNode = FALSE
	EndGlobalSection
	GlobalSection(ExtensibilityGlobals) = postSolution
		SolutionGuid = {5AD84124-43B2-436A-88B7-2C8B378D1811}
	EndGlobalSection
EndGlobal
